// !$*UTF8*$!
{
	archiveVersion = 1;
	classes = {
	};
	objectVersion = 77;
	objects = {

/* Begin PBXBuildFile section */
		0012F7C230BCAF9E7FE241CC /* HTTPAPIContractTests.swift in Sources */ = {isa = PBXBuildFile; fileRef = B0D602D39C3CF58AFED69B8E /* HTTPAPIContractTests.swift */; };
		0BAC1F92DF8BAA18C2785C9B /* SavingsModels.swift in Sources */ = {isa = PBXBuildFile; fileRef = C0AD537E409F82FC202DD6AA /* SavingsModels.swift */; };
		0C0A9CD9A2B5176DE940EC51 /* SessionStore.swift in Sources */ = {isa = PBXBuildFile; fileRef = E6F8155C7EF63E9520D985E5 /* SessionStore.swift */; };
		0CEEED3CFE93AA0BC3BCBDFD /* BreakdownFeatureView.swift in Sources */ = {isa = PBXBuildFile; fileRef = 639EA6BC4FCCEE9CB64D49E4 /* BreakdownFeatureView.swift */; };
		119143969A4F2F89489E7BED /* LoadStateView.swift in Sources */ = {isa = PBXBuildFile; fileRef = F223E387D9222320C02B6144 /* LoadStateView.swift */; };
		15679CAEFE9FF7B6E8744A09 /* FeatureRootView.swift in Sources */ = {isa = PBXBuildFile; fileRef = 4E6215E17D8ED685F5F471CF /* FeatureRootView.swift */; };
		182AD71F07ABA7408B9090B7 /* QuickAddFeature.swift in Sources */ = {isa = PBXBuildFile; fileRef = 0F11A061E514B163F7083EEA /* QuickAddFeature.swift */; };
		2880EF2873615DD899935E23 /* RootView.swift in Sources */ = {isa = PBXBuildFile; fileRef = 37FC40024A84513ECC515CEC /* RootView.swift */; };
		2C0A8CC66D2EA9B7B42D9F84 /* OptionsModels.swift in Sources */ = {isa = PBXBuildFile; fileRef = AEE8C340A7E930698A9D57DC /* OptionsModels.swift */; };
		30BC670AE742CBC120C122D6 /* ShellSearchAndToolbar.swift in Sources */ = {isa = PBXBuildFile; fileRef = 838BEEAD2A8CA4C0C68ED1D9 /* ShellSearchAndToolbar.swift */; };
		32598E2BA3485EBB94C22AC5 /* AuthTokenStore.swift in Sources */ = {isa = PBXBuildFile; fileRef = E9BB32F187EA1C144E85C794 /* AuthTokenStore.swift */; };
		33337397C5FD86C2E8F7E49C /* RecurringsView.swift in Sources */ = {isa = PBXBuildFile; fileRef = 3689D1DBEC19C2DE8E333818 /* RecurringsView.swift */; };
		3878FF85A81FB0C58414CACD /* LedgerModels.swift in Sources */ = {isa = PBXBuildFile; fileRef = 726D060B5033637BD6C1931C /* LedgerModels.swift */; };
		3F2B70CB3376961308168032 /* LedgerFeatureViewModel.swift in Sources */ = {isa = PBXBuildFile; fileRef = 8479583B43D68079DA9E53FC /* LedgerFeatureViewModel.swift */; };
		534B865F9D68B392D84DFE3C /* SavingsFeatureViewModel.swift in Sources */ = {isa = PBXBuildFile; fileRef = CD1652B9C88FBBED4F6DA967 /* SavingsFeatureViewModel.swift */; };
		54F30B9D62AAF0BEEE52D680 /* TrackingFeature.swift in Sources */ = {isa = PBXBuildFile; fileRef = A40C1AE204FDBEC797156271 /* TrackingFeature.swift */; };
		570A5E82945D7E0FD6CFC91C /* PensiveApp.swift in Sources */ = {isa = PBXBuildFile; fileRef = 1060E8EA814D7616BF2AC146 /* PensiveApp.swift */; };
		66214CBA64DA49CE6B7EEF82 /* SavingsCalculatorTests.swift in Sources */ = {isa = PBXBuildFile; fileRef = 4E79BF114CFD79147ED16B79 /* SavingsCalculatorTests.swift */; };
		67D5D8D5EFBC144D859EED34 /* SavingsFeatureView.swift in Sources */ = {isa = PBXBuildFile; fileRef = 612F6E4F700BF671453E69AD /* SavingsFeatureView.swift */; };
		72D4BB0592C9D602D7AC1C4B /* RecurringsFeature.swift in Sources */ = {isa = PBXBuildFile; fileRef = DC9D0A2E816730A432528113 /* RecurringsFeature.swift */; };
		790DB01DB6531C5EB455E6DC /* LedgerFiltering.swift in Sources */ = {isa = PBXBuildFile; fileRef = A75D4A9B916E394496C25E37 /* LedgerFiltering.swift */; };
		7FC5BD72B13896710B3DA9D4 /* NotepadFeature.swift in Sources */ = {isa = PBXBuildFile; fileRef = A4DE3A9D86241F9E8EC915B9 /* NotepadFeature.swift */; };
		8BCE581FA9E17747B6FBCD80 /* SavingsEditorSheets.swift in Sources */ = {isa = PBXBuildFile; fileRef = 81994A0DDF9ABF6EBE75AF27 /* SavingsEditorSheets.swift */; };
		8D686B9DBAA0F5F701A9BAE9 /* OptionsMutationLogic.swift in Sources */ = {isa = PBXBuildFile; fileRef = F63217945C8760A733FCC3CD /* OptionsMutationLogic.swift */; };
		905A5B03BB31F47860402636 /* OptionsFeatureView.swift in Sources */ = {isa = PBXBuildFile; fileRef = 06CD0A32D624A6E0C5C713BE /* OptionsFeatureView.swift */; };
		911D9A6C1EB55A8306BD09F0 /* ShellDateControls.swift in Sources */ = {isa = PBXBuildFile; fileRef = F6E01209E1312D601F550681 /* ShellDateControls.swift */; };
		93238E81BDE4FB6B720899EB /* LedgerPresentationModels.swift in Sources */ = {isa = PBXBuildFile; fileRef = 30A6AF691A89E55513F428E9 /* LedgerPresentationModels.swift */; };
		9492B5AF340E0C7762D91E7B /* AuthState.swift in Sources */ = {isa = PBXBuildFile; fileRef = 0FCE0385815003415646F8C4 /* AuthState.swift */; };
		9667DDD6196C57FF99F9CB42 /* ConvexAPI.swift in Sources */ = {isa = PBXBuildFile; fileRef = 8CEAE2AA2253F8FA91C7EEB3 /* ConvexAPI.swift */; };
		A421BB545873593DFB04746F /* OptionsEditorSheets.swift in Sources */ = {isa = PBXBuildFile; fileRef = 5331F69EF0C595C01244010B /* OptionsEditorSheets.swift */; };
		AE361503A739BBC4DC500F52 /* LiveNonProductionContractTests.swift in Sources */ = {isa = PBXBuildFile; fileRef = 136302D72859965E28915DF7 /* LiveNonProductionContractTests.swift */; };
		AF4070AAB7832A1C49055D9F /* LedgerFilterViews.swift in Sources */ = {isa = PBXBuildFile; fileRef = BF5EB4419C4BB1E558B382CF /* LedgerFilterViews.swift */; };
		AF95A863F479E37AE1852BAA /* Assets.xcassets in Resources */ = {isa = PBXBuildFile; fileRef = D71033083881BE72A1960881 /* Assets.xcassets */; };
		B34ABF846AFCCD35441F7176 /* LedgerFeatureScreens.swift in Sources */ = {isa = PBXBuildFile; fileRef = 38140937C8C582135D4833A7 /* LedgerFeatureScreens.swift */; };
		B790FF1CBECEB4B5C178C1EA /* AppExternalLinks.swift in Sources */ = {isa = PBXBuildFile; fileRef = 7B5FB7E2B8F35B47F24B1EAF /* AppExternalLinks.swift */; };
		B8BBF58733BA2E70FC254D47 /* LedgerEditorSheets.swift in Sources */ = {isa = PBXBuildFile; fileRef = ED9992B27D2CA1C4383C5967 /* LedgerEditorSheets.swift */; };
		BF1098553F052B200F4BD0C6 /* LedgerFilterStore.swift in Sources */ = {isa = PBXBuildFile; fileRef = 4CB630409B28C347110E9E61 /* LedgerFilterStore.swift */; };
		C6339F91B8D369B4220BDB57 /* UIWorkflowTests.swift in Sources */ = {isa = PBXBuildFile; fileRef = 16ED4F9DC0B47CF8A00A3571 /* UIWorkflowTests.swift */; };
		C6F788FE8114E3B5CCFF50CA /* AppEnvironment.swift in Sources */ = {isa = PBXBuildFile; fileRef = 27991D4F555E429982C9C524 /* AppEnvironment.swift */; };
		CF035D7019DEA233A9017889 /* HTTPClient.swift in Sources */ = {isa = PBXBuildFile; fileRef = BE3B07D29DB589CE0EA3BC0A /* HTTPClient.swift */; };
		CF680F8CAF71F49CE5F0EC75 /* DomainBehaviorTests.swift in Sources */ = {isa = PBXBuildFile; fileRef = 88A3D1788B26721BF623E4A3 /* DomainBehaviorTests.swift */; };
		D1233E5C0290B20AA7826124 /* AppShellModels.swift in Sources */ = {isa = PBXBuildFile; fileRef = 5C2EA53F054D3A56EA0DFA56 /* AppShellModels.swift */; };
		D710A82875130A668F7C0C06 /* APIContractTests.swift in Sources */ = {isa = PBXBuildFile; fileRef = E643389862A22F23B3BB6616 /* APIContractTests.swift */; };
		DA16EC759C47927E7062061C /* AppContainer.swift in Sources */ = {isa = PBXBuildFile; fileRef = 3F7EF56A041587E1F34F2EC0 /* AppContainer.swift */; };
		E22A1FFA3F661D3021164703 /* PrivacyInfo.xcprivacy in Resources */ = {isa = PBXBuildFile; fileRef = 2F66C7C69A6212EFDD98D4D6 /* PrivacyInfo.xcprivacy */; };
		E6CDB1D2FD90169D1C4AB86E /* AuthViewModel.swift in Sources */ = {isa = PBXBuildFile; fileRef = 487A86873988C9719FAF2797 /* AuthViewModel.swift */; };
		E9DCC8C3FD3CD91C891D4B02 /* UserFeatureView.swift in Sources */ = {isa = PBXBuildFile; fileRef = E980065606A7092386FCE4A4 /* UserFeatureView.swift */; };
		EF655E0C25D7092F9EF3E764 /* AppShellView.swift in Sources */ = {isa = PBXBuildFile; fileRef = 4079923627B6EFA6F2BE16E7 /* AppShellView.swift */; };
		F3838279BB7FB0590509ECC2 /* ConvexTransport.swift in Sources */ = {isa = PBXBuildFile; fileRef = D8DCC4A5D09BD130AF383AA2 /* ConvexTransport.swift */; };
/* End PBXBuildFile section */

/* Begin PBXContainerItemProxy section */
		31CFD502B621B73991362CFC /* PBXContainerItemProxy */ = {
			isa = PBXContainerItemProxy;
			containerPortal = DA66C46FF58A88A2F2CB6A4F /* Project object */;
			proxyType = 1;
			remoteGlobalIDString = 7CC550A6AF542C8F80D81633;
			remoteInfo = Pensive;
		};
		44C93E3E28F0439294FDB960 /* PBXContainerItemProxy */ = {
			isa = PBXContainerItemProxy;
			containerPortal = DA66C46FF58A88A2F2CB6A4F /* Project object */;
			proxyType = 1;
			remoteGlobalIDString = 7CC550A6AF542C8F80D81633;
			remoteInfo = Pensive;
		};
		CFEE87BB5EFE440BEAFDC26D /* PBXContainerItemProxy */ = {
			isa = PBXContainerItemProxy;
			containerPortal = DA66C46FF58A88A2F2CB6A4F /* Project object */;
			proxyType = 1;
			remoteGlobalIDString = 7CC550A6AF542C8F80D81633;
			remoteInfo = Pensive;
		};
/* End PBXContainerItemProxy section */

/* Begin PBXFileReference section */
		06CD0A32D624A6E0C5C713BE /* OptionsFeatureView.swift */ = {isa = PBXFileReference; lastKnownFileType = sourcecode.swift; path = OptionsFeatureView.swift; sourceTree = "<group>"; };
		0F11A061E514B163F7083EEA /* QuickAddFeature.swift */ = {isa = PBXFileReference; lastKnownFileType = sourcecode.swift; path = QuickAddFeature.swift; sourceTree = "<group>"; };
		0FCE0385815003415646F8C4 /* AuthState.swift */ = {isa = PBXFileReference; lastKnownFileType = sourcecode.swift; path = AuthState.swift; sourceTree = "<group>"; };
		1060E8EA814D7616BF2AC146 /* PensiveApp.swift */ = {isa = PBXFileReference; lastKnownFileType = sourcecode.swift; path = PensiveApp.swift; sourceTree = "<group>"; };
		12C8A5DC05FE932702BEE04F /* Debug.xcconfig */ = {isa = PBXFileReference; lastKnownFileType = text.xcconfig; path = Debug.xcconfig; sourceTree = "<group>"; };
		136302D72859965E28915DF7 /* LiveNonProductionContractTests.swift */ = {isa = PBXFileReference; lastKnownFileType = sourcecode.swift; path = LiveNonProductionContractTests.swift; sourceTree = "<group>"; };
		14B0A5238291F25F063E45FD /* Pensive.app */ = {isa = PBXFileReference; explicitFileType = wrapper.application; includeInIndex = 0; path = Pensive.app; sourceTree = BUILT_PRODUCTS_DIR; };
		16ED4F9DC0B47CF8A00A3571 /* UIWorkflowTests.swift */ = {isa = PBXFileReference; lastKnownFileType = sourcecode.swift; path = UIWorkflowTests.swift; sourceTree = "<group>"; };
		27991D4F555E429982C9C524 /* AppEnvironment.swift */ = {isa = PBXFileReference; lastKnownFileType = sourcecode.swift; path = AppEnvironment.swift; sourceTree = "<group>"; };
		2F66C7C69A6212EFDD98D4D6 /* PrivacyInfo.xcprivacy */ = {isa = PBXFileReference; lastKnownFileType = text.xml; path = PrivacyInfo.xcprivacy; sourceTree = "<group>"; };
		30A6AF691A89E55513F428E9 /* LedgerPresentationModels.swift */ = {isa = PBXFileReference; lastKnownFileType = sourcecode.swift; path = LedgerPresentationModels.swift; sourceTree = "<group>"; };
		3689D1DBEC19C2DE8E333818 /* RecurringsView.swift */ = {isa = PBXFileReference; lastKnownFileType = sourcecode.swift; path = RecurringsView.swift; sourceTree = "<group>"; };
		37FC40024A84513ECC515CEC /* RootView.swift */ = {isa = PBXFileReference; lastKnownFileType = sourcecode.swift; path = RootView.swift; sourceTree = "<group>"; };
		38140937C8C582135D4833A7 /* LedgerFeatureScreens.swift */ = {isa = PBXFileReference; lastKnownFileType = sourcecode.swift; path = LedgerFeatureScreens.swift; sourceTree = "<group>"; };
		3F7EF56A041587E1F34F2EC0 /* AppContainer.swift */ = {isa = PBXFileReference; lastKnownFileType = sourcecode.swift; path = AppContainer.swift; sourceTree = "<group>"; };
		4079923627B6EFA6F2BE16E7 /* AppShellView.swift */ = {isa = PBXFileReference; lastKnownFileType = sourcecode.swift; path = AppShellView.swift; sourceTree = "<group>"; };
		487A86873988C9719FAF2797 /* AuthViewModel.swift */ = {isa = PBXFileReference; lastKnownFileType = sourcecode.swift; path = AuthViewModel.swift; sourceTree = "<group>"; };
		4CB630409B28C347110E9E61 /* LedgerFilterStore.swift */ = {isa = PBXFileReference; lastKnownFileType = sourcecode.swift; path = LedgerFilterStore.swift; sourceTree = "<group>"; };
		4E6215E17D8ED685F5F471CF /* FeatureRootView.swift */ = {isa = PBXFileReference; lastKnownFileType = sourcecode.swift; path = FeatureRootView.swift; sourceTree = "<group>"; };
		4E79BF114CFD79147ED16B79 /* SavingsCalculatorTests.swift */ = {isa = PBXFileReference; lastKnownFileType = sourcecode.swift; path = SavingsCalculatorTests.swift; sourceTree = "<group>"; };
		5331F69EF0C595C01244010B /* OptionsEditorSheets.swift */ = {isa = PBXFileReference; lastKnownFileType = sourcecode.swift; path = OptionsEditorSheets.swift; sourceTree = "<group>"; };
		5C2EA53F054D3A56EA0DFA56 /* AppShellModels.swift */ = {isa = PBXFileReference; lastKnownFileType = sourcecode.swift; path = AppShellModels.swift; sourceTree = "<group>"; };
		5C813E2D3E6C4DA41A98FF30 /* PensiveIntegrationTests.xctest */ = {isa = PBXFileReference; explicitFileType = wrapper.cfbundle; includeInIndex = 0; path = PensiveIntegrationTests.xctest; sourceTree = BUILT_PRODUCTS_DIR; };
		612F6E4F700BF671453E69AD /* SavingsFeatureView.swift */ = {isa = PBXFileReference; lastKnownFileType = sourcecode.swift; path = SavingsFeatureView.swift; sourceTree = "<group>"; };
		639EA6BC4FCCEE9CB64D49E4 /* BreakdownFeatureView.swift */ = {isa = PBXFileReference; lastKnownFileType = sourcecode.swift; path = BreakdownFeatureView.swift; sourceTree = "<group>"; };
		726D060B5033637BD6C1931C /* LedgerModels.swift */ = {isa = PBXFileReference; lastKnownFileType = sourcecode.swift; path = LedgerModels.swift; sourceTree = "<group>"; };
		7B5FB7E2B8F35B47F24B1EAF /* AppExternalLinks.swift */ = {isa = PBXFileReference; lastKnownFileType = sourcecode.swift; path = AppExternalLinks.swift; sourceTree = "<group>"; };
		81994A0DDF9ABF6EBE75AF27 /* SavingsEditorSheets.swift */ = {isa = PBXFileReference; lastKnownFileType = sourcecode.swift; path = SavingsEditorSheets.swift; sourceTree = "<group>"; };
		838BEEAD2A8CA4C0C68ED1D9 /* ShellSearchAndToolbar.swift */ = {isa = PBXFileReference; lastKnownFileType = sourcecode.swift; path = ShellSearchAndToolbar.swift; sourceTree = "<group>"; };
		8479583B43D68079DA9E53FC /* LedgerFeatureViewModel.swift */ = {isa = PBXFileReference; lastKnownFileType = sourcecode.swift; path = LedgerFeatureViewModel.swift; sourceTree = "<group>"; };
		88A3D1788B26721BF623E4A3 /* DomainBehaviorTests.swift */ = {isa = PBXFileReference; lastKnownFileType = sourcecode.swift; path = DomainBehaviorTests.swift; sourceTree = "<group>"; };
		8CEAE2AA2253F8FA91C7EEB3 /* ConvexAPI.swift */ = {isa = PBXFileReference; lastKnownFileType = sourcecode.swift; path = ConvexAPI.swift; sourceTree = "<group>"; };
		A40C1AE204FDBEC797156271 /* TrackingFeature.swift */ = {isa = PBXFileReference; lastKnownFileType = sourcecode.swift; path = TrackingFeature.swift; sourceTree = "<group>"; };
		A4DE3A9D86241F9E8EC915B9 /* NotepadFeature.swift */ = {isa = PBXFileReference; lastKnownFileType = sourcecode.swift; path = NotepadFeature.swift; sourceTree = "<group>"; };
		A75D4A9B916E394496C25E37 /* LedgerFiltering.swift */ = {isa = PBXFileReference; lastKnownFileType = sourcecode.swift; path = LedgerFiltering.swift; sourceTree = "<group>"; };
		AEE8C340A7E930698A9D57DC /* OptionsModels.swift */ = {isa = PBXFileReference; lastKnownFileType = sourcecode.swift; path = OptionsModels.swift; sourceTree = "<group>"; };
		B0D602D39C3CF58AFED69B8E /* HTTPAPIContractTests.swift */ = {isa = PBXFileReference; lastKnownFileType = sourcecode.swift; path = HTTPAPIContractTests.swift; sourceTree = "<group>"; };
		B82D63F0A8E92A7956EE6586 /* Release.xcconfig */ = {isa = PBXFileReference; lastKnownFileType = text.xcconfig; path = Release.xcconfig; sourceTree = "<group>"; };
		BE3B07D29DB589CE0EA3BC0A /* HTTPClient.swift */ = {isa = PBXFileReference; lastKnownFileType = sourcecode.swift; path = HTTPClient.swift; sourceTree = "<group>"; };
		BF5EB4419C4BB1E558B382CF /* LedgerFilterViews.swift */ = {isa = PBXFileReference; lastKnownFileType = sourcecode.swift; path = LedgerFilterViews.swift; sourceTree = "<group>"; };
		C0AD537E409F82FC202DD6AA /* SavingsModels.swift */ = {isa = PBXFileReference; lastKnownFileType = sourcecode.swift; path = SavingsModels.swift; sourceTree = "<group>"; };
		CC267798BEB2AFF2CB6D10C9 /* PensiveUnitTests.xctest */ = {isa = PBXFileReference; explicitFileType = wrapper.cfbundle; includeInIndex = 0; path = PensiveUnitTests.xctest; sourceTree = BUILT_PRODUCTS_DIR; };
		CD1652B9C88FBBED4F6DA967 /* SavingsFeatureViewModel.swift */ = {isa = PBXFileReference; lastKnownFileType = sourcecode.swift; path = SavingsFeatureViewModel.swift; sourceTree = "<group>"; };
		D02316F31B0A05A53566C05A /* Staging.xcconfig */ = {isa = PBXFileReference; lastKnownFileType = text.xcconfig; path = Staging.xcconfig; sourceTree = "<group>"; };
		D71033083881BE72A1960881 /* Assets.xcassets */ = {isa = PBXFileReference; lastKnownFileType = folder.assetcatalog; path = Assets.xcassets; sourceTree = "<group>"; };
		D8DCC4A5D09BD130AF383AA2 /* ConvexTransport.swift */ = {isa = PBXFileReference; lastKnownFileType = sourcecode.swift; path = ConvexTransport.swift; sourceTree = "<group>"; };
		D98F13E54929428601D27C98 /* Info.plist */ = {isa = PBXFileReference; lastKnownFileType = text.plist; path = Info.plist; sourceTree = "<group>"; };
		DC9D0A2E816730A432528113 /* RecurringsFeature.swift */ = {isa = PBXFileReference; lastKnownFileType = sourcecode.swift; path = RecurringsFeature.swift; sourceTree = "<group>"; };
		DF662DA71A6C11FDF48D540F /* PensiveE2ETests.xctest */ = {isa = PBXFileReference; explicitFileType = wrapper.cfbundle; includeInIndex = 0; path = PensiveE2ETests.xctest; sourceTree = BUILT_PRODUCTS_DIR; };
		E643389862A22F23B3BB6616 /* APIContractTests.swift */ = {isa = PBXFileReference; lastKnownFileType = sourcecode.swift; path = APIContractTests.swift; sourceTree = "<group>"; };
		E6F8155C7EF63E9520D985E5 /* SessionStore.swift */ = {isa = PBXFileReference; lastKnownFileType = sourcecode.swift; path = SessionStore.swift; sourceTree = "<group>"; };
		E980065606A7092386FCE4A4 /* UserFeatureView.swift */ = {isa = PBXFileReference; lastKnownFileType = sourcecode.swift; path = UserFeatureView.swift; sourceTree = "<group>"; };
		E9BB32F187EA1C144E85C794 /* AuthTokenStore.swift */ = {isa = PBXFileReference; lastKnownFileType = sourcecode.swift; path = AuthTokenStore.swift; sourceTree = "<group>"; };
		ED9992B27D2CA1C4383C5967 /* LedgerEditorSheets.swift */ = {isa = PBXFileReference; lastKnownFileType = sourcecode.swift; path = LedgerEditorSheets.swift; sourceTree = "<group>"; };
		F223E387D9222320C02B6144 /* LoadStateView.swift */ = {isa = PBXFileReference; lastKnownFileType = sourcecode.swift; path = LoadStateView.swift; sourceTree = "<group>"; };
		F63217945C8760A733FCC3CD /* OptionsMutationLogic.swift */ = {isa = PBXFileReference; lastKnownFileType = sourcecode.swift; path = OptionsMutationLogic.swift; sourceTree = "<group>"; };
		F6E01209E1312D601F550681 /* ShellDateControls.swift */ = {isa = PBXFileReference; lastKnownFileType = sourcecode.swift; path = ShellDateControls.swift; sourceTree = "<group>"; };
/* End PBXFileReference section */

/* Begin PBXGroup section */
		03650F049372FCE89D0AEDF7 /* Breakdown */ = {
			isa = PBXGroup;
			children = (
				639EA6BC4FCCEE9CB64D49E4 /* BreakdownFeatureView.swift */,
			);
			path = Breakdown;
			sourceTree = "<group>";
		};
		0AAC335D6A80EB48EC25394F /* PensiveE2ETests */ = {
			isa = PBXGroup;
			children = (
				16ED4F9DC0B47CF8A00A3571 /* UIWorkflowTests.swift */,
			);
			path = PensiveE2ETests;
			sourceTree = "<group>";
		};
		1C1FFB6B1DD8686D7A8281C1 /* Shell */ = {
			isa = PBXGroup;
			children = (
				5C2EA53F054D3A56EA0DFA56 /* AppShellModels.swift */,
				4079923627B6EFA6F2BE16E7 /* AppShellView.swift */,
				4E6215E17D8ED685F5F471CF /* FeatureRootView.swift */,
				F223E387D9222320C02B6144 /* LoadStateView.swift */,
				F6E01209E1312D601F550681 /* ShellDateControls.swift */,
				838BEEAD2A8CA4C0C68ED1D9 /* ShellSearchAndToolbar.swift */,
			);
			path = Shell;
			sourceTree = "<group>";
		};
		1D522BA251E12249494BF054 /* Ledger */ = {
			isa = PBXGroup;
			children = (
				726D060B5033637BD6C1931C /* LedgerModels.swift */,
				F63217945C8760A733FCC3CD /* OptionsMutationLogic.swift */,
			);
			path = Ledger;
			sourceTree = "<group>";
		};
		22C9030D2E7714DB37D2394D /* Pensive */ = {
			isa = PBXGroup;
			children = (
				96D8839C00886EC20A18C611 /* App */,
				609BA47750AD46433462D184 /* Data */,
				73CD8E309FE5F43C9A2480E3 /* Domain */,
				B47FC0530584C45A5C991800 /* Infrastructure */,
				485AB31FBE8F46D15967D630 /* Networking */,
				C1B7A9F02F0A68E2AA7B1F20 /* Presentation */,
				5F2CB463C7C9E9A47E770859 /* Resources */,
			);
			path = Pensive;
			sourceTree = "<group>";
		};
		2F136751F7C794BE19E328E9 = {
			isa = PBXGroup;
			children = (
				610BC97EA3E07DCF7F10367A /* Config */,
				22C9030D2E7714DB37D2394D /* Pensive */,
				0AAC335D6A80EB48EC25394F /* PensiveE2ETests */,
				5580708628BF54C2F04791B6 /* PensiveIntegrationTests */,
				A8A80EF6D8BC84680A037135 /* PensiveUnitTests */,
				4F2E6AD7625848357DE98ECB /* Products */,
			);
			sourceTree = "<group>";
		};
		31335DE7BFA6640EEBD5707F /* Persistence */ = {
			isa = PBXGroup;
			children = (
				4CB630409B28C347110E9E61 /* LedgerFilterStore.swift */,
			);
			path = Persistence;
			sourceTree = "<group>";
		};
		485AB31FBE8F46D15967D630 /* Networking */ = {
			isa = PBXGroup;
			children = (
				D8DCC4A5D09BD130AF383AA2 /* ConvexTransport.swift */,
				BE3B07D29DB589CE0EA3BC0A /* HTTPClient.swift */,
			);
			path = Networking;
			sourceTree = "<group>";
		};
		48693613505F00F7FEBFEEE7 /* Auth */ = {
			isa = PBXGroup;
			children = (
				487A86873988C9719FAF2797 /* AuthViewModel.swift */,
			);
			path = Auth;
			sourceTree = "<group>";
		};
		4B3E13B7F560582FF8E2A044 /* Auth */ = {
			isa = PBXGroup;
			children = (
				0FCE0385815003415646F8C4 /* AuthState.swift */,
			);
			path = Auth;
			sourceTree = "<group>";
		};
		4E9B17E00541E8AB90A2990A /* API */ = {
			isa = PBXGroup;
			children = (
				8CEAE2AA2253F8FA91C7EEB3 /* ConvexAPI.swift */,
			);
			path = API;
			sourceTree = "<group>";
		};
		4F2E6AD7625848357DE98ECB /* Products */ = {
			isa = PBXGroup;
			children = (
				14B0A5238291F25F063E45FD /* Pensive.app */,
				DF662DA71A6C11FDF48D540F /* PensiveE2ETests.xctest */,
				5C813E2D3E6C4DA41A98FF30 /* PensiveIntegrationTests.xctest */,
				CC267798BEB2AFF2CB6D10C9 /* PensiveUnitTests.xctest */,
			);
			name = Products;
			sourceTree = "<group>";
		};
		5580708628BF54C2F04791B6 /* PensiveIntegrationTests */ = {
			isa = PBXGroup;
			children = (
				B0D602D39C3CF58AFED69B8E /* HTTPAPIContractTests.swift */,
				136302D72859965E28915DF7 /* LiveNonProductionContractTests.swift */,
			);
			path = PensiveIntegrationTests;
			sourceTree = "<group>";
		};
		5F2CB463C7C9E9A47E770859 /* Resources */ = {
			isa = PBXGroup;
			children = (
				D71033083881BE72A1960881 /* Assets.xcassets */,
				D98F13E54929428601D27C98 /* Info.plist */,
				2F66C7C69A6212EFDD98D4D6 /* PrivacyInfo.xcprivacy */,
			);
			path = Resources;
			sourceTree = "<group>";
		};
		609BA47750AD46433462D184 /* Data */ = {
			isa = PBXGroup;
			children = (
				E6F8155C7EF63E9520D985E5 /* SessionStore.swift */,
				4E9B17E00541E8AB90A2990A /* API */,
			);
			path = Data;
			sourceTree = "<group>";
		};
		610BC97EA3E07DCF7F10367A /* Config */ = {
			isa = PBXGroup;
			children = (
				12C8A5DC05FE932702BEE04F /* Debug.xcconfig */,
				B82D63F0A8E92A7956EE6586 /* Release.xcconfig */,
				D02316F31B0A05A53566C05A /* Staging.xcconfig */,
			);
			path = Config;
			sourceTree = "<group>";
		};
		73CD8E309FE5F43C9A2480E3 /* Domain */ = {
			isa = PBXGroup;
			children = (
				4B3E13B7F560582FF8E2A044 /* Auth */,
				1D522BA251E12249494BF054 /* Ledger */,
			);
			path = Domain;
			sourceTree = "<group>";
		};
		96D8839C00886EC20A18C611 /* App */ = {
			isa = PBXGroup;
			children = (
				3F7EF56A041587E1F34F2EC0 /* AppContainer.swift */,
				1060E8EA814D7616BF2AC146 /* PensiveApp.swift */,
				37FC40024A84513ECC515CEC /* RootView.swift */,
			);
			path = App;
			sourceTree = "<group>";
		};
		A750AC8F5BA448013D1EEC29 /* Notepad */ = {
			isa = PBXGroup;
			children = (
				A4DE3A9D86241F9E8EC915B9 /* NotepadFeature.swift */,
			);
			path = Notepad;
			sourceTree = "<group>";
		};
		A8A80EF6D8BC84680A037135 /* PensiveUnitTests */ = {
			isa = PBXGroup;
			children = (
				E643389862A22F23B3BB6616 /* APIContractTests.swift */,
				88A3D1788B26721BF623E4A3 /* DomainBehaviorTests.swift */,
				4E79BF114CFD79147ED16B79 /* SavingsCalculatorTests.swift */,
			);
			path = PensiveUnitTests;
			sourceTree = "<group>";
		};
		AAF688578E0E16E4BB890C0E /* Options */ = {
			isa = PBXGroup;
			children = (
				5331F69EF0C595C01244010B /* OptionsEditorSheets.swift */,
				06CD0A32D624A6E0C5C713BE /* OptionsFeatureView.swift */,
				AEE8C340A7E930698A9D57DC /* OptionsModels.swift */,
			);
			path = Options;
			sourceTree = "<group>";
		};
		B39270933160BDBD0B64FA53 /* Tracking */ = {
			isa = PBXGroup;
			children = (
				A40C1AE204FDBEC797156271 /* TrackingFeature.swift */,
			);
			path = Tracking;
			sourceTree = "<group>";
		};
		B47FC0530584C45A5C991800 /* Infrastructure */ = {
			isa = PBXGroup;
			children = (
				27991D4F555E429982C9C524 /* AppEnvironment.swift */,
				7B5FB7E2B8F35B47F24B1EAF /* AppExternalLinks.swift */,
				E9BB32F187EA1C144E85C794 /* AuthTokenStore.swift */,
				31335DE7BFA6640EEBD5707F /* Persistence */,
			);
			path = Infrastructure;
			sourceTree = "<group>";
		};
		C1B7A9F02F0A68E2AA7B1F20 /* Presentation */ = {
			isa = PBXGroup;
			children = (
				48693613505F00F7FEBFEEE7 /* Auth */,
				03650F049372FCE89D0AEDF7 /* Breakdown */,
				DCF720E836A0C8BC588DB44E /* Ledger */,
				A750AC8F5BA448013D1EEC29 /* Notepad */,
				AAF688578E0E16E4BB890C0E /* Options */,
				D3104F56357A4D4CE5661D42 /* QuickAdd */,
				F3715626E52514AAE4DAFAE6 /* Recurrings */,
				E431142FA82CA31D5FE23FDA /* Savings */,
				1C1FFB6B1DD8686D7A8281C1 /* Shell */,
				B39270933160BDBD0B64FA53 /* Tracking */,
				D8D87B276183E93084A0D233 /* User */,
			);
			path = Presentation;
			sourceTree = "<group>";
		};
		D3104F56357A4D4CE5661D42 /* QuickAdd */ = {
			isa = PBXGroup;
			children = (
				0F11A061E514B163F7083EEA /* QuickAddFeature.swift */,
			);
			path = QuickAdd;
			sourceTree = "<group>";
		};
		D8D87B276183E93084A0D233 /* User */ = {
			isa = PBXGroup;
			children = (
				E980065606A7092386FCE4A4 /* UserFeatureView.swift */,
			);
			path = User;
			sourceTree = "<group>";
		};
		DCF720E836A0C8BC588DB44E /* Ledger */ = {
			isa = PBXGroup;
			children = (
				ED9992B27D2CA1C4383C5967 /* LedgerEditorSheets.swift */,
				38140937C8C582135D4833A7 /* LedgerFeatureScreens.swift */,
				8479583B43D68079DA9E53FC /* LedgerFeatureViewModel.swift */,
				A75D4A9B916E394496C25E37 /* LedgerFiltering.swift */,
				BF5EB4419C4BB1E558B382CF /* LedgerFilterViews.swift */,
				30A6AF691A89E55513F428E9 /* LedgerPresentationModels.swift */,
			);
			path = Ledger;
			sourceTree = "<group>";
		};
		E431142FA82CA31D5FE23FDA /* Savings */ = {
			isa = PBXGroup;
			children = (
				81994A0DDF9ABF6EBE75AF27 /* SavingsEditorSheets.swift */,
				612F6E4F700BF671453E69AD /* SavingsFeatureView.swift */,
				CD1652B9C88FBBED4F6DA967 /* SavingsFeatureViewModel.swift */,
				C0AD537E409F82FC202DD6AA /* SavingsModels.swift */,
			);
			path = Savings;
			sourceTree = "<group>";
		};
		F3715626E52514AAE4DAFAE6 /* Recurrings */ = {
			isa = PBXGroup;
			children = (
				DC9D0A2E816730A432528113 /* RecurringsFeature.swift */,
				3689D1DBEC19C2DE8E333818 /* RecurringsView.swift */,
			);
			path = Recurrings;
			sourceTree = "<group>";
		};
/* End PBXGroup section */

/* Begin PBXNativeTarget section */
		20F36AE3A98E72FEE24F0561 /* PensiveE2ETests */ = {
			isa = PBXNativeTarget;
			buildConfigurationList = DD28930C5CF5DACAC7B0CE53 /* Build configuration list for PBXNativeTarget "PensiveE2ETests" */;
			buildPhases = (
				3577D72122C0669C3783F6F7 /* Sources */,
			);
			buildRules = (
			);
			dependencies = (
				5156F404F4E669ADCE7AAE7B /* PBXTargetDependency */,
			);
			name = PensiveE2ETests;
			packageProductDependencies = (
			);
			productName = PensiveE2ETests;
			productReference = DF662DA71A6C11FDF48D540F /* PensiveE2ETests.xctest */;
			productType = "com.apple.product-type.bundle.ui-testing";
		};
		458D95EEDDAB4737346856FA /* PensiveUnitTests */ = {
			isa = PBXNativeTarget;
			buildConfigurationList = 8DFB0041F7DDA1874CBBDBA9 /* Build configuration list for PBXNativeTarget "PensiveUnitTests" */;
			buildPhases = (
				E79536A7907E32592EF9B0D2 /* Sources */,
			);
			buildRules = (
			);
			dependencies = (
				0288C809066A0D41FC8FE96B /* PBXTargetDependency */,
			);
			name = PensiveUnitTests;
			packageProductDependencies = (
			);
			productName = PensiveUnitTests;
			productReference = CC267798BEB2AFF2CB6D10C9 /* PensiveUnitTests.xctest */;
			productType = "com.apple.product-type.bundle.unit-test";
		};
		5D0368D51DE1D1D78A815F42 /* PensiveIntegrationTests */ = {
			isa = PBXNativeTarget;
			buildConfigurationList = 500DA716573C356084536073 /* Build configuration list for PBXNativeTarget "PensiveIntegrationTests" */;
			buildPhases = (
				B2C70C47BDAE6EAEDA747829 /* Sources */,
			);
			buildRules = (
			);
			dependencies = (
				25B3A4B7F0D606712D085C1F /* PBXTargetDependency */,
			);
			name = PensiveIntegrationTests;
			packageProductDependencies = (
			);
			productName = PensiveIntegrationTests;
			productReference = 5C813E2D3E6C4DA41A98FF30 /* PensiveIntegrationTests.xctest */;
			productType = "com.apple.product-type.bundle.unit-test";
		};
		7CC550A6AF542C8F80D81633 /* Pensive */ = {
			isa = PBXNativeTarget;
			buildConfigurationList = BBE5749A67A7A515696938D3 /* Build configuration list for PBXNativeTarget "Pensive" */;
			buildPhases = (
				867FD8BED6D40B94266B4303 /* Sources */,
				C350C241FAE1C0EBB3FED830 /* Resources */,
			);
			buildRules = (
			);
			dependencies = (
			);
			name = Pensive;
			packageProductDependencies = (
			);
			productName = Pensive;
			productReference = 14B0A5238291F25F063E45FD /* Pensive.app */;
			productType = "com.apple.product-type.application";
		};
/* End PBXNativeTarget section */

/* Begin PBXProject section */
		DA66C46FF58A88A2F2CB6A4F /* Project object */ = {
			isa = PBXProject;
			attributes = {
				BuildIndependentTargetsInParallel = YES;
				LastUpgradeCheck = 1430;
				TargetAttributes = {
					20F36AE3A98E72FEE24F0561 = {
						DevelopmentTeam = UZ7YLA6V9D;
						ProvisioningStyle = Automatic;
						TestTargetID = 7CC550A6AF542C8F80D81633;
					};
					458D95EEDDAB4737346856FA = {
						DevelopmentTeam = UZ7YLA6V9D;
						ProvisioningStyle = Automatic;
					};
					5D0368D51DE1D1D78A815F42 = {
						DevelopmentTeam = UZ7YLA6V9D;
						ProvisioningStyle = Automatic;
					};
					7CC550A6AF542C8F80D81633 = {
						DevelopmentTeam = UZ7YLA6V9D;
						ProvisioningStyle = Automatic;
					};
				};
			};
			buildConfigurationList = 0A24FBE51EA8375188765627 /* Build configuration list for PBXProject "Pensive" */;
			developmentRegion = en;
			hasScannedForEncodings = 0;
			knownRegions = (
				Base,
				en,
			);
			mainGroup = 2F136751F7C794BE19E328E9;
			minimizedProjectReferenceProxies = 1;
			preferredProjectObjectVersion = 77;
			productRefGroup = 4F2E6AD7625848357DE98ECB /* Products */;
			projectDirPath = "";
			projectRoot = "";
			targets = (
				7CC550A6AF542C8F80D81633 /* Pensive */,
				20F36AE3A98E72FEE24F0561 /* PensiveE2ETests */,
				5D0368D51DE1D1D78A815F42 /* PensiveIntegrationTests */,
				458D95EEDDAB4737346856FA /* PensiveUnitTests */,
			);
		};
/* End PBXProject section */

/* Begin PBXResourcesBuildPhase section */
		C350C241FAE1C0EBB3FED830 /* Resources */ = {
			isa = PBXResourcesBuildPhase;
			buildActionMask = 2147483647;
			files = (
				AF95A863F479E37AE1852BAA /* Assets.xcassets in Resources */,
				E22A1FFA3F661D3021164703 /* PrivacyInfo.xcprivacy in Resources */,
			);
			runOnlyForDeploymentPostprocessing = 0;
		};
/* End PBXResourcesBuildPhase section */

/* Begin PBXSourcesBuildPhase section */
		3577D72122C0669C3783F6F7 /* Sources */ = {
			isa = PBXSourcesBuildPhase;
			buildActionMask = 2147483647;
			files = (
				C6339F91B8D369B4220BDB57 /* UIWorkflowTests.swift in Sources */,
			);
			runOnlyForDeploymentPostprocessing = 0;
		};
		867FD8BED6D40B94266B4303 /* Sources */ = {
			isa = PBXSourcesBuildPhase;
			buildActionMask = 2147483647;
			files = (
				DA16EC759C47927E7062061C /* AppContainer.swift in Sources */,
				C6F788FE8114E3B5CCFF50CA /* AppEnvironment.swift in Sources */,
				B790FF1CBECEB4B5C178C1EA /* AppExternalLinks.swift in Sources */,
				D1233E5C0290B20AA7826124 /* AppShellModels.swift in Sources */,
				EF655E0C25D7092F9EF3E764 /* AppShellView.swift in Sources */,
				9492B5AF340E0C7762D91E7B /* AuthState.swift in Sources */,
				32598E2BA3485EBB94C22AC5 /* AuthTokenStore.swift in Sources */,
				E6CDB1D2FD90169D1C4AB86E /* AuthViewModel.swift in Sources */,
				0CEEED3CFE93AA0BC3BCBDFD /* BreakdownFeatureView.swift in Sources */,
				9667DDD6196C57FF99F9CB42 /* ConvexAPI.swift in Sources */,
				F3838279BB7FB0590509ECC2 /* ConvexTransport.swift in Sources */,
				15679CAEFE9FF7B6E8744A09 /* FeatureRootView.swift in Sources */,
				CF035D7019DEA233A9017889 /* HTTPClient.swift in Sources */,
				B8BBF58733BA2E70FC254D47 /* LedgerEditorSheets.swift in Sources */,
				B34ABF846AFCCD35441F7176 /* LedgerFeatureScreens.swift in Sources */,
				3F2B70CB3376961308168032 /* LedgerFeatureViewModel.swift in Sources */,
				BF1098553F052B200F4BD0C6 /* LedgerFilterStore.swift in Sources */,
				AF4070AAB7832A1C49055D9F /* LedgerFilterViews.swift in Sources */,
				790DB01DB6531C5EB455E6DC /* LedgerFiltering.swift in Sources */,
				3878FF85A81FB0C58414CACD /* LedgerModels.swift in Sources */,
				93238E81BDE4FB6B720899EB /* LedgerPresentationModels.swift in Sources */,
				119143969A4F2F89489E7BED /* LoadStateView.swift in Sources */,
				7FC5BD72B13896710B3DA9D4 /* NotepadFeature.swift in Sources */,
				A421BB545873593DFB04746F /* OptionsEditorSheets.swift in Sources */,
				905A5B03BB31F47860402636 /* OptionsFeatureView.swift in Sources */,
				2C0A8CC66D2EA9B7B42D9F84 /* OptionsModels.swift in Sources */,
				8D686B9DBAA0F5F701A9BAE9 /* OptionsMutationLogic.swift in Sources */,
				570A5E82945D7E0FD6CFC91C /* PensiveApp.swift in Sources */,
				182AD71F07ABA7408B9090B7 /* QuickAddFeature.swift in Sources */,
				72D4BB0592C9D602D7AC1C4B /* RecurringsFeature.swift in Sources */,
				33337397C5FD86C2E8F7E49C /* RecurringsView.swift in Sources */,
				2880EF2873615DD899935E23 /* RootView.swift in Sources */,
				8BCE581FA9E17747B6FBCD80 /* SavingsEditorSheets.swift in Sources */,
				67D5D8D5EFBC144D859EED34 /* SavingsFeatureView.swift in Sources */,
				534B865F9D68B392D84DFE3C /* SavingsFeatureViewModel.swift in Sources */,
				0BAC1F92DF8BAA18C2785C9B /* SavingsModels.swift in Sources */,
				0C0A9CD9A2B5176DE940EC51 /* SessionStore.swift in Sources */,
				911D9A6C1EB55A8306BD09F0 /* ShellDateControls.swift in Sources */,
				30BC670AE742CBC120C122D6 /* ShellSearchAndToolbar.swift in Sources */,
				54F30B9D62AAF0BEEE52D680 /* TrackingFeature.swift in Sources */,
				E9DCC8C3FD3CD91C891D4B02 /* UserFeatureView.swift in Sources */,
			);
			runOnlyForDeploymentPostprocessing = 0;
		};
		B2C70C47BDAE6EAEDA747829 /* Sources */ = {
			isa = PBXSourcesBuildPhase;
			buildActionMask = 2147483647;
			files = (
				0012F7C230BCAF9E7FE241CC /* HTTPAPIContractTests.swift in Sources */,
				AE361503A739BBC4DC500F52 /* LiveNonProductionContractTests.swift in Sources */,
			);
			runOnlyForDeploymentPostprocessing = 0;
		};
		E79536A7907E32592EF9B0D2 /* Sources */ = {
			isa = PBXSourcesBuildPhase;
			buildActionMask = 2147483647;
			files = (
				D710A82875130A668F7C0C06 /* APIContractTests.swift in Sources */,
				CF680F8CAF71F49CE5F0EC75 /* DomainBehaviorTests.swift in Sources */,
				66214CBA64DA49CE6B7EEF82 /* SavingsCalculatorTests.swift in Sources */,
			);
			runOnlyForDeploymentPostprocessing = 0;
		};
/* End PBXSourcesBuildPhase section */

/* Begin PBXTargetDependency section */
		0288C809066A0D41FC8FE96B /* PBXTargetDependency */ = {
			isa = PBXTargetDependency;
			target = 7CC550A6AF542C8F80D81633 /* Pensive */;
			targetProxy = CFEE87BB5EFE440BEAFDC26D /* PBXContainerItemProxy */;
		};
		25B3A4B7F0D606712D085C1F /* PBXTargetDependency */ = {
			isa = PBXTargetDependency;
			target = 7CC550A6AF542C8F80D81633 /* Pensive */;
			targetProxy = 44C93E3E28F0439294FDB960 /* PBXContainerItemProxy */;
		};
		5156F404F4E669ADCE7AAE7B /* PBXTargetDependency */ = {
			isa = PBXTargetDependency;
			target = 7CC550A6AF542C8F80D81633 /* Pensive */;
			targetProxy = 31CFD502B621B73991362CFC /* PBXContainerItemProxy */;
		};
/* End PBXTargetDependency section */

/* Begin XCBuildConfiguration section */
		01266489B5B3C747EE9A4FAB /* Staging */ = {
			isa = XCBuildConfiguration;
			baseConfigurationReference = D02316F31B0A05A53566C05A /* Staging.xcconfig */;
			buildSettings = {
				ALWAYS_SEARCH_USER_PATHS = NO;
				CLANG_ANALYZER_NONNULL = YES;
				CLANG_ANALYZER_NUMBER_OBJECT_CONVERSION = YES_AGGRESSIVE;
				CLANG_CXX_LANGUAGE_STANDARD = "gnu++14";
				CLANG_CXX_LIBRARY = "libc++";
				CLANG_ENABLE_MODULES = YES;
				CLANG_ENABLE_OBJC_ARC = YES;
				CLANG_ENABLE_OBJC_WEAK = YES;
				CLANG_WARN_BLOCK_CAPTURE_AUTORELEASING = YES;
				CLANG_WARN_BOOL_CONVERSION = YES;
				CLANG_WARN_COMMA = YES;
				CLANG_WARN_CONSTANT_CONVERSION = YES;
				CLANG_WARN_DEPRECATED_OBJC_IMPLEMENTATIONS = YES;
				CLANG_WARN_DIRECT_OBJC_ISA_USAGE = YES_ERROR;
				CLANG_WARN_DOCUMENTATION_COMMENTS = YES;
				CLANG_WARN_EMPTY_BODY = YES;
				CLANG_WARN_ENUM_CONVERSION = YES;
				CLANG_WARN_INFINITE_RECURSION = YES;
				CLANG_WARN_INT_CONVERSION = YES;
				CLANG_WARN_NON_LITERAL_NULL_CONVERSION = YES;
				CLANG_WARN_OBJC_IMPLICIT_RETAIN_SELF = YES;
				CLANG_WARN_OBJC_LITERAL_CONVERSION = YES;
				CLANG_WARN_OBJC_ROOT_CLASS = YES_ERROR;
				CLANG_WARN_QUOTED_INCLUDE_IN_FRAMEWORK_HEADER = YES;
				CLANG_WARN_RANGE_LOOP_ANALYSIS = YES;
				CLANG_WARN_STRICT_PROTOTYPES = YES;
				CLANG_WARN_SUSPICIOUS_MOVE = YES;
				CLANG_WARN_UNGUARDED_AVAILABILITY = YES_AGGRESSIVE;
				CLANG_WARN_UNREACHABLE_CODE = YES;
				CLANG_WARN__DUPLICATE_METHOD_MATCH = YES;
				CODE_SIGN_STYLE = Automatic;
				COPY_PHASE_STRIP = NO;
				CURRENT_PROJECT_VERSION = 2;
				DEBUG_INFORMATION_FORMAT = "dwarf-with-dsym";
				DEVELOPMENT_TEAM = UZ7YLA6V9D;
				ENABLE_NS_ASSERTIONS = NO;
				ENABLE_STRICT_OBJC_MSGSEND = YES;
				GCC_C_LANGUAGE_STANDARD = gnu11;
				GCC_NO_COMMON_BLOCKS = YES;
				GCC_WARN_64_TO_32_BIT_CONVERSION = YES;
				GCC_WARN_ABOUT_RETURN_TYPE = YES_ERROR;
				GCC_WARN_UNDECLARED_SELECTOR = YES;
				GCC_WARN_UNINITIALIZED_AUTOS = YES_AGGRESSIVE;
				GCC_WARN_UNUSED_FUNCTION = YES;
				GCC_WARN_UNUSED_VARIABLE = YES;
				GENERATE_INFOPLIST_FILE = YES;
				IPHONEOS_DEPLOYMENT_TARGET = 17.0;
				MARKETING_VERSION = 1.0.1;
				MTL_ENABLE_DEBUG_INFO = NO;
				MTL_FAST_MATH = YES;
				PRODUCT_BUNDLE_IDENTIFIER = com.pensive.app;
				PRODUCT_NAME = "$(TARGET_NAME)";
				SDKROOT = iphoneos;
				SUPPORTS_MACCATALYST = NO;
				SWIFT_COMPILATION_MODE = wholemodule;
				SWIFT_OPTIMIZATION_LEVEL = "-O";
				TARGETED_DEVICE_FAMILY = "1,2";
			};
			name = Staging;
		};
		07A273B0664615C7ECF2398A /* Debug */ = {
			isa = XCBuildConfiguration;
			buildSettings = {
				BUNDLE_LOADER = "$(TEST_HOST)";
				LD_RUNPATH_SEARCH_PATHS = (
					"$(inherited)",
					"@executable_path/Frameworks",
					"@loader_path/Frameworks",
				);
				PRODUCT_MODULE_NAME = PensiveIntegrationTests;
				PRODUCT_NAME = PensiveIntegrationTests;
				SDKROOT = iphoneos;
				TARGETED_DEVICE_FAMILY = "1,2";
				TEST_HOST = "$(BUILT_PRODUCTS_DIR)/Pensive.app/Pensive";
			};
			name = Debug;
		};
		0E2FC08ABBFB7C72B5B3406C /* Debug */ = {
			isa = XCBuildConfiguration;
			buildSettings = {
				BUNDLE_LOADER = "$(TEST_HOST)";
				LD_RUNPATH_SEARCH_PATHS = (
					"$(inherited)",
					"@executable_path/Frameworks",
					"@loader_path/Frameworks",
				);
				PRODUCT_MODULE_NAME = PensiveUnitTests;
				PRODUCT_NAME = PensiveUnitTests;
				SDKROOT = iphoneos;
				TARGETED_DEVICE_FAMILY = "1,2";
				TEST_HOST = "$(BUILT_PRODUCTS_DIR)/Pensive.app/Pensive";
			};
			name = Debug;
		};
		0F4EC73C8ED6AC788C4FF33D /* Debug */ = {
			isa = XCBuildConfiguration;
			baseConfigurationReference = 12C8A5DC05FE932702BEE04F /* Debug.xcconfig */;
			buildSettings = {
				ALWAYS_SEARCH_USER_PATHS = NO;
				CLANG_ANALYZER_NONNULL = YES;
				CLANG_ANALYZER_NUMBER_OBJECT_CONVERSION = YES_AGGRESSIVE;
				CLANG_CXX_LANGUAGE_STANDARD = "gnu++14";
				CLANG_CXX_LIBRARY = "libc++";
				CLANG_ENABLE_MODULES = YES;
				CLANG_ENABLE_OBJC_ARC = YES;
				CLANG_ENABLE_OBJC_WEAK = YES;
				CLANG_WARN_BLOCK_CAPTURE_AUTORELEASING = YES;
				CLANG_WARN_BOOL_CONVERSION = YES;
				CLANG_WARN_COMMA = YES;
				CLANG_WARN_CONSTANT_CONVERSION = YES;
				CLANG_WARN_DEPRECATED_OBJC_IMPLEMENTATIONS = YES;
				CLANG_WARN_DIRECT_OBJC_ISA_USAGE = YES_ERROR;
				CLANG_WARN_DOCUMENTATION_COMMENTS = YES;
				CLANG_WARN_EMPTY_BODY = YES;
				CLANG_WARN_ENUM_CONVERSION = YES;
				CLANG_WARN_INFINITE_RECURSION = YES;
				CLANG_WARN_INT_CONVERSION = YES;
				CLANG_WARN_NON_LITERAL_NULL_CONVERSION = YES;
				CLANG_WARN_OBJC_IMPLICIT_RETAIN_SELF = YES;
				CLANG_WARN_OBJC_LITERAL_CONVERSION = YES;
				CLANG_WARN_OBJC_ROOT_CLASS = YES_ERROR;
				CLANG_WARN_QUOTED_INCLUDE_IN_FRAMEWORK_HEADER = YES;
				CLANG_WARN_RANGE_LOOP_ANALYSIS = YES;
				CLANG_WARN_STRICT_PROTOTYPES = YES;
				CLANG_WARN_SUSPICIOUS_MOVE = YES;
				CLANG_WARN_UNGUARDED_AVAILABILITY = YES_AGGRESSIVE;
				CLANG_WARN_UNREACHABLE_CODE = YES;
				CLANG_WARN__DUPLICATE_METHOD_MATCH = YES;
				CODE_SIGN_STYLE = Automatic;
				COPY_PHASE_STRIP = NO;
				CURRENT_PROJECT_VERSION = 2;
				DEBUG_INFORMATION_FORMAT = dwarf;
				DEVELOPMENT_TEAM = UZ7YLA6V9D;
				ENABLE_STRICT_OBJC_MSGSEND = YES;
				ENABLE_TESTABILITY = YES;
				GCC_C_LANGUAGE_STANDARD = gnu11;
				GCC_DYNAMIC_NO_PIC = NO;
				GCC_NO_COMMON_BLOCKS = YES;
				GCC_OPTIMIZATION_LEVEL = 0;
				GCC_PREPROCESSOR_DEFINITIONS = (
					"$(inherited)",
					"DEBUG=1",
				);
				GCC_WARN_64_TO_32_BIT_CONVERSION = YES;
				GCC_WARN_ABOUT_RETURN_TYPE = YES_ERROR;
				GCC_WARN_UNDECLARED_SELECTOR = YES;
				GCC_WARN_UNINITIALIZED_AUTOS = YES_AGGRESSIVE;
				GCC_WARN_UNUSED_FUNCTION = YES;
				GCC_WARN_UNUSED_VARIABLE = YES;
				GENERATE_INFOPLIST_FILE = YES;
				IPHONEOS_DEPLOYMENT_TARGET = 17.0;
				MARKETING_VERSION = 1.0.1;
				MTL_ENABLE_DEBUG_INFO = INCLUDE_SOURCE;
				MTL_FAST_MATH = YES;
				ONLY_ACTIVE_ARCH = YES;
				PRODUCT_BUNDLE_IDENTIFIER = com.pensive.app;
				PRODUCT_NAME = "$(TARGET_NAME)";
				SDKROOT = iphoneos;
				SUPPORTS_MACCATALYST = NO;
				SWIFT_ACTIVE_COMPILATION_CONDITIONS = DEBUG;
				SWIFT_OPTIMIZATION_LEVEL = "-Onone";
				TARGETED_DEVICE_FAMILY = "1,2";
			};
			name = Debug;
		};
		15629A57936D84482620E2F4 /* Release */ = {
			isa = XCBuildConfiguration;
			buildSettings = {
				BUNDLE_LOADER = "$(TEST_HOST)";
				LD_RUNPATH_SEARCH_PATHS = (
					"$(inherited)",
					"@executable_path/Frameworks",
					"@loader_path/Frameworks",
				);
				PRODUCT_MODULE_NAME = PensiveE2ETests;
				PRODUCT_NAME = PensiveE2ETests;
				SDKROOT = iphoneos;
				TARGETED_DEVICE_FAMILY = "1,2";
				TEST_TARGET_NAME = Pensive;
			};
			name = Release;
		};
		18B0C80F9F2DDF7CF2224425 /* Staging */ = {
			isa = XCBuildConfiguration;
			buildSettings = {
				BUNDLE_LOADER = "$(TEST_HOST)";
				LD_RUNPATH_SEARCH_PATHS = (
					"$(inherited)",
					"@executable_path/Frameworks",
					"@loader_path/Frameworks",
				);
				PRODUCT_MODULE_NAME = PensiveUnitTests;
				PRODUCT_NAME = PensiveUnitTests;
				SDKROOT = iphoneos;
				TARGETED_DEVICE_FAMILY = "1,2";
				TEST_HOST = "$(BUILT_PRODUCTS_DIR)/Pensive.app/Pensive";
			};
			name = Staging;
		};
		348EB553FF3E70A7384ADEB2 /* Release */ = {
			isa = XCBuildConfiguration;
			buildSettings = {
				BUNDLE_LOADER = "$(TEST_HOST)";
				LD_RUNPATH_SEARCH_PATHS = (
					"$(inherited)",
					"@executable_path/Frameworks",
					"@loader_path/Frameworks",
				);
				PRODUCT_MODULE_NAME = PensiveUnitTests;
				PRODUCT_NAME = PensiveUnitTests;
				SDKROOT = iphoneos;
				TARGETED_DEVICE_FAMILY = "1,2";
				TEST_HOST = "$(BUILT_PRODUCTS_DIR)/Pensive.app/Pensive";
			};
			name = Release;
		};
		58BD425F5287409FD8E2AA68 /* Release */ = {
			isa = XCBuildConfiguration;
			buildSettings = {
				ASSETCATALOG_COMPILER_APPICON_NAME = AppIcon;
				CODE_SIGN_IDENTITY = "iPhone Developer";
				INFOPLIST_FILE = Pensive/Resources/Info.plist;
				INFOPLIST_KEY_UISupportedInterfaceOrientations = UIInterfaceOrientationPortrait;
				INFOPLIST_KEY_UISupportedInterfaceOrientations_iPad = "UIInterfaceOrientationPortrait UIInterfaceOrientationPortraitUpsideDown UIInterfaceOrientationLandscapeLeft UIInterfaceOrientationLandscapeRight";
				LD_RUNPATH_SEARCH_PATHS = (
					"$(inherited)",
					"@executable_path/Frameworks",
				);
				PRODUCT_BUNDLE_IDENTIFIER = com.jj.pensive;
				PRODUCT_MODULE_NAME = Pensive;
				PRODUCT_NAME = Pensive;
				SDKROOT = iphoneos;
				SWIFT_EMIT_LOC_STRINGS = YES;
				TARGETED_DEVICE_FAMILY = "1,2";
			};
			name = Release;
		};
		5B0D578B01D604C26809307F /* Release */ = {
			isa = XCBuildConfiguration;
			buildSettings = {
				BUNDLE_LOADER = "$(TEST_HOST)";
				LD_RUNPATH_SEARCH_PATHS = (
					"$(inherited)",
					"@executable_path/Frameworks",
					"@loader_path/Frameworks",
				);
				PRODUCT_MODULE_NAME = PensiveIntegrationTests;
				PRODUCT_NAME = PensiveIntegrationTests;
				SDKROOT = iphoneos;
				TARGETED_DEVICE_FAMILY = "1,2";
				TEST_HOST = "$(BUILT_PRODUCTS_DIR)/Pensive.app/Pensive";
			};
			name = Release;
		};
		7F06EFC6CB8F1C1A707D0F1E /* Staging */ = {
			isa = XCBuildConfiguration;
			buildSettings = {
				BUNDLE_LOADER = "$(TEST_HOST)";
				LD_RUNPATH_SEARCH_PATHS = (
					"$(inherited)",
					"@executable_path/Frameworks",
					"@loader_path/Frameworks",
				);
				PRODUCT_MODULE_NAME = PensiveIntegrationTests;
				PRODUCT_NAME = PensiveIntegrationTests;
				SDKROOT = iphoneos;
				TARGETED_DEVICE_FAMILY = "1,2";
				TEST_HOST = "$(BUILT_PRODUCTS_DIR)/Pensive.app/Pensive";
			};
			name = Staging;
		};
		926A395FDB4553B4BF4E18A4 /* Debug */ = {
			isa = XCBuildConfiguration;
			buildSettings = {
				ASSETCATALOG_COMPILER_APPICON_NAME = AppIcon;
				CODE_SIGN_IDENTITY = "iPhone Developer";
				INFOPLIST_FILE = Pensive/Resources/Info.plist;
				INFOPLIST_KEY_UISupportedInterfaceOrientations = UIInterfaceOrientationPortrait;
				INFOPLIST_KEY_UISupportedInterfaceOrientations_iPad = "UIInterfaceOrientationPortrait UIInterfaceOrientationPortraitUpsideDown UIInterfaceOrientationLandscapeLeft UIInterfaceOrientationLandscapeRight";
				LD_RUNPATH_SEARCH_PATHS = (
					"$(inherited)",
					"@executable_path/Frameworks",
				);
				PRODUCT_BUNDLE_IDENTIFIER = com.jj.pensive;
				PRODUCT_MODULE_NAME = Pensive;
				PRODUCT_NAME = Pensive;
				SDKROOT = iphoneos;
				SWIFT_EMIT_LOC_STRINGS = YES;
				TARGETED_DEVICE_FAMILY = "1,2";
			};
			name = Debug;
		};
		CAE678CEDF09FACA201E70B9 /* Staging */ = {
			isa = XCBuildConfiguration;
			buildSettings = {
				BUNDLE_LOADER = "$(TEST_HOST)";
				LD_RUNPATH_SEARCH_PATHS = (
					"$(inherited)",
					"@executable_path/Frameworks",
					"@loader_path/Frameworks",
				);
				PRODUCT_MODULE_NAME = PensiveE2ETests;
				PRODUCT_NAME = PensiveE2ETests;
				SDKROOT = iphoneos;
				TARGETED_DEVICE_FAMILY = "1,2";
				TEST_TARGET_NAME = Pensive;
			};
			name = Staging;
		};
		E1BDB344FBB44FE4CB34DE54 /* Release */ = {
			isa = XCBuildConfiguration;
			baseConfigurationReference = B82D63F0A8E92A7956EE6586 /* Release.xcconfig */;
			buildSettings = {
				ALWAYS_SEARCH_USER_PATHS = NO;
				CLANG_ANALYZER_NONNULL = YES;
				CLANG_ANALYZER_NUMBER_OBJECT_CONVERSION = YES_AGGRESSIVE;
				CLANG_CXX_LANGUAGE_STANDARD = "gnu++14";
				CLANG_CXX_LIBRARY = "libc++";
				CLANG_ENABLE_MODULES = YES;
				CLANG_ENABLE_OBJC_ARC = YES;
				CLANG_ENABLE_OBJC_WEAK = YES;
				CLANG_WARN_BLOCK_CAPTURE_AUTORELEASING = YES;
				CLANG_WARN_BOOL_CONVERSION = YES;
				CLANG_WARN_COMMA = YES;
				CLANG_WARN_CONSTANT_CONVERSION = YES;
				CLANG_WARN_DEPRECATED_OBJC_IMPLEMENTATIONS = YES;
				CLANG_WARN_DIRECT_OBJC_ISA_USAGE = YES_ERROR;
				CLANG_WARN_DOCUMENTATION_COMMENTS = YES;
				CLANG_WARN_EMPTY_BODY = YES;
				CLANG_WARN_ENUM_CONVERSION = YES;
				CLANG_WARN_INFINITE_RECURSION = YES;
				CLANG_WARN_INT_CONVERSION = YES;
				CLANG_WARN_NON_LITERAL_NULL_CONVERSION = YES;
				CLANG_WARN_OBJC_IMPLICIT_RETAIN_SELF = YES;
				CLANG_WARN_OBJC_LITERAL_CONVERSION = YES;
				CLANG_WARN_OBJC_ROOT_CLASS = YES_ERROR;
				CLANG_WARN_QUOTED_INCLUDE_IN_FRAMEWORK_HEADER = YES;
				CLANG_WARN_RANGE_LOOP_ANALYSIS = YES;
				CLANG_WARN_STRICT_PROTOTYPES = YES;
				CLANG_WARN_SUSPICIOUS_MOVE = YES;
				CLANG_WARN_UNGUARDED_AVAILABILITY = YES_AGGRESSIVE;
				CLANG_WARN_UNREACHABLE_CODE = YES;
				CLANG_WARN__DUPLICATE_METHOD_MATCH = YES;
				CODE_SIGN_STYLE = Automatic;
				COPY_PHASE_STRIP = NO;
				CURRENT_PROJECT_VERSION = 2;
				DEBUG_INFORMATION_FORMAT = "dwarf-with-dsym";
				DEVELOPMENT_TEAM = UZ7YLA6V9D;
				ENABLE_NS_ASSERTIONS = NO;
				ENABLE_STRICT_OBJC_MSGSEND = YES;
				GCC_C_LANGUAGE_STANDARD = gnu11;
				GCC_NO_COMMON_BLOCKS = YES;
				GCC_WARN_64_TO_32_BIT_CONVERSION = YES;
				GCC_WARN_ABOUT_RETURN_TYPE = YES_ERROR;
				GCC_WARN_UNDECLARED_SELECTOR = YES;
				GCC_WARN_UNINITIALIZED_AUTOS = YES_AGGRESSIVE;
				GCC_WARN_UNUSED_FUNCTION = YES;
				GCC_WARN_UNUSED_VARIABLE = YES;
				GENERATE_INFOPLIST_FILE = YES;
				IPHONEOS_DEPLOYMENT_TARGET = 17.0;
				MARKETING_VERSION = 1.0.1;
				MTL_ENABLE_DEBUG_INFO = NO;
				MTL_FAST_MATH = YES;
				PRODUCT_BUNDLE_IDENTIFIER = com.pensive.app;
				PRODUCT_NAME = "$(TARGET_NAME)";
				SDKROOT = iphoneos;
				SUPPORTS_MACCATALYST = NO;
				SWIFT_COMPILATION_MODE = wholemodule;
				SWIFT_OPTIMIZATION_LEVEL = "-O";
				TARGETED_DEVICE_FAMILY = "1,2";
			};
			name = Release;
		};
		E20054765DAAD4377D20F36B /* Staging */ = {
			isa = XCBuildConfiguration;
			buildSettings = {
				ASSETCATALOG_COMPILER_APPICON_NAME = AppIcon;
				CODE_SIGN_IDENTITY = "iPhone Developer";
				INFOPLIST_FILE = Pensive/Resources/Info.plist;
				INFOPLIST_KEY_UISupportedInterfaceOrientations = UIInterfaceOrientationPortrait;
				INFOPLIST_KEY_UISupportedInterfaceOrientations_iPad = "UIInterfaceOrientationPortrait UIInterfaceOrientationPortraitUpsideDown UIInterfaceOrientationLandscapeLeft UIInterfaceOrientationLandscapeRight";
				LD_RUNPATH_SEARCH_PATHS = (
					"$(inherited)",
					"@executable_path/Frameworks",
				);
				PRODUCT_BUNDLE_IDENTIFIER = com.jj.pensive;
				PRODUCT_MODULE_NAME = Pensive;
				PRODUCT_NAME = Pensive;
				SDKROOT = iphoneos;
				SWIFT_EMIT_LOC_STRINGS = YES;
				TARGETED_DEVICE_FAMILY = "1,2";
			};
			name = Staging;
		};
		EB719524E332BF0CBC947B7C /* Debug */ = {
			isa = XCBuildConfiguration;
			buildSettings = {
				BUNDLE_LOADER = "$(TEST_HOST)";
				LD_RUNPATH_SEARCH_PATHS = (
					"$(inherited)",
					"@executable_path/Frameworks",
					"@loader_path/Frameworks",
				);
				PRODUCT_MODULE_NAME = PensiveE2ETests;
				PRODUCT_NAME = PensiveE2ETests;
				SDKROOT = iphoneos;
				TARGETED_DEVICE_FAMILY = "1,2";
				TEST_TARGET_NAME = Pensive;
			};
			name = Debug;
		};
/* End XCBuildConfiguration section */

/* Begin XCConfigurationList section */
		0A24FBE51EA8375188765627 /* Build configuration list for PBXProject "Pensive" */ = {
			isa = XCConfigurationList;
			buildConfigurations = (
				0F4EC73C8ED6AC788C4FF33D /* Debug */,
				E1BDB344FBB44FE4CB34DE54 /* Release */,
				01266489B5B3C747EE9A4FAB /* Staging */,
			);
			defaultConfigurationIsVisible = 0;
			defaultConfigurationName = Debug;
		};
		500DA716573C356084536073 /* Build configuration list for PBXNativeTarget "PensiveIntegrationTests" */ = {
			isa = XCConfigurationList;
			buildConfigurations = (
				07A273B0664615C7ECF2398A /* Debug */,
				5B0D578B01D604C26809307F /* Release */,
				7F06EFC6CB8F1C1A707D0F1E /* Staging */,
			);
			defaultConfigurationIsVisible = 0;
			defaultConfigurationName = Debug;
		};
		8DFB0041F7DDA1874CBBDBA9 /* Build configuration list for PBXNativeTarget "PensiveUnitTests" */ = {
			isa = XCConfigurationList;
			buildConfigurations = (
				0E2FC08ABBFB7C72B5B3406C /* Debug */,
				348EB553FF3E70A7384ADEB2 /* Release */,
				18B0C80F9F2DDF7CF2224425 /* Staging */,
			);
			defaultConfigurationIsVisible = 0;
			defaultConfigurationName = Debug;
		};
		BBE5749A67A7A515696938D3 /* Build configuration list for PBXNativeTarget "Pensive" */ = {
			isa = XCConfigurationList;
			buildConfigurations = (
				926A395FDB4553B4BF4E18A4 /* Debug */,
				58BD425F5287409FD8E2AA68 /* Release */,
				E20054765DAAD4377D20F36B /* Staging */,
			);
			defaultConfigurationIsVisible = 0;
			defaultConfigurationName = Debug;
		};
		DD28930C5CF5DACAC7B0CE53 /* Build configuration list for PBXNativeTarget "PensiveE2ETests" */ = {
			isa = XCConfigurationList;
			buildConfigurations = (
				EB719524E332BF0CBC947B7C /* Debug */,
				15629A57936D84482620E2F4 /* Release */,
				CAE678CEDF09FACA201E70B9 /* Staging */,
			);
			defaultConfigurationIsVisible = 0;
			defaultConfigurationName = Debug;
		};
/* End XCConfigurationList section */
	};
	rootObject = DA66C46FF58A88A2F2CB6A4F /* Project object */;
}
